
Microsoft Visual Studio Solution File, Format Version 12.00
# Visual Studio Version 17
VisualStudioVersion = 17.7.34221.43
MinimumVisualStudioVersion = 10.0.40219.1
Project("{888888A0-9F3D-457C-B088-3A5042F75D52}") = "CSC 312 ASSIGNMENT", "CSC 312 ASSIGNMENT\CSC 312 ASSIGNMENT.pyproj", "{7AAAF645-1EB5-4993-9CF2-9621B5E13A95}"
EndProject
Global
	GlobalSection(SolutionConfigurationPlatforms) = preSolution
		Debug|Any CPU = Debug|Any CPU
		Release|Any CPU = Release|Any CPU
	EndGlobalSection
	GlobalSection(ProjectConfigurationPlatforms) = postSolution
		{7AAAF645-1EB5-4993-9CF2-9621B5E13A95}.Debug|Any CPU.ActiveCfg = Debug|Any CPU
		{7AAAF645-1EB5-4993-9CF2-9621B5E13A95}.Release|Any CPU.ActiveCfg = Release|Any CPU
	EndGlobalSection
	GlobalSection(SolutionProperties) = preSolution
		HideSolutionNode = FALSE
	EndGlobalSection
	GlobalSection(ExtensibilityGlobals) = postSolution
		SolutionGuid = {4E53D15B-2BFD-4290-A84E-6BC3110D60F1}
	EndGlobalSection
EndGlobal
